# This file is generated by running "yarn install" inside your project.
# Manual changes might be lost - proceed with caution!

__metadata:
  version: 8
  cacheKey: 10

"@aztec/bb.js@npm:0.84.0":
  version: 0.84.0
  resolution: "@aztec/bb.js@npm:0.84.0"
  dependencies:
    comlink: "npm:^4.4.1"
    commander: "npm:^12.1.0"
    debug: "npm:^4.3.4"
    fflate: "npm:^0.8.0"
    pako: "npm:^2.1.0"
    tslib: "npm:^2.4.0"
  bin:
    bb.js: dest/node/main.js
  checksum: 10/cdb8c88746795e4f3f334341cc7f3915152465eabb3863fbb5fa60661fcafeffe0d3998822137b395de6453829fedf49532dae136c8ce1bdb2612d8be5631dc3
  languageName: node
  linkType: hard

"@noir-lang/acvm_js@npm:1.0.0-beta.6":
  version: 1.0.0-beta.6
  resolution: "@noir-lang/acvm_js@npm:1.0.0-beta.6"
  checksum: 10/2cffc75900612ad66f8653b5212dbf24abedd269efc948dfb4037addec7aa51942071024aabfffbd4343e6e93fa90d748a6d06e2e79cf9d062b2a78c840e77a2
  languageName: node
  linkType: hard

"@noir-lang/noir_js@npm:1.0.0-beta.6":
  version: 1.0.0-beta.6
  resolution: "@noir-lang/noir_js@npm:1.0.0-beta.6"
  dependencies:
    "@noir-lang/acvm_js": "npm:1.0.0-beta.6"
    "@noir-lang/noirc_abi": "npm:1.0.0-beta.6"
    "@noir-lang/types": "npm:1.0.0-beta.6"
    pako: "npm:^2.1.0"
  checksum: 10/ecd3334fd45693b856ec95ddd622eb6a119a10b4ce6b7f560e3400683cf0dc80499ea1d03cdf83456c5a24e6204a026d845cb0019395e33e976b7c23875519a9
  languageName: node
  linkType: hard

"@noir-lang/noirc_abi@npm:1.0.0-beta.6":
  version: 1.0.0-beta.6
  resolution: "@noir-lang/noirc_abi@npm:1.0.0-beta.6"
  dependencies:
    "@noir-lang/types": "npm:1.0.0-beta.6"
  checksum: 10/49c5a555b2babdcd1b66c00f2daaec6a82f04116c11ef0ba45389c2ca6735c93f0fdcd01746ea8380b339b8c67463b6eeb5b99e068413efb5927beedf5a23505
  languageName: node
  linkType: hard

"@noir-lang/types@npm:1.0.0-beta.6":
  version: 1.0.0-beta.6
  resolution: "@noir-lang/types@npm:1.0.0-beta.6"
  checksum: 10/7828626888a56d688563172834f36e84bb32d12a5951746126cfa4af5c207824c71e6aba33ffd89cb099e433e050c084db38cab2dd54788996d2c27d99c2411e
  languageName: node
  linkType: hard

"comlink@npm:^4.4.1":
  version: 4.4.2
  resolution: "comlink@npm:4.4.2"
  checksum: 10/ecee53b5b4536b3aa3f7636c383f831e68fbc013def77665cc7fad873d72cfa23b994e1ec4b49e83e4e909c1089a03acae03a523e33a5e5ed938cdb613456434
  languageName: node
  linkType: hard

"commander@npm:^12.1.0":
  version: 12.1.0
  resolution: "commander@npm:12.1.0"
  checksum: 10/cdaeb672d979816853a4eed7f1310a9319e8b976172485c2a6b437ed0db0a389a44cfb222bfbde772781efa9f215bdd1b936f80d6b249485b465c6cb906e1f93
  languageName: node
  linkType: hard

"debug@npm:^4.3.4":
  version: 4.4.1
  resolution: "debug@npm:4.4.1"
  dependencies:
    ms: "npm:^2.1.3"
  peerDependenciesMeta:
    supports-color:
      optional: true
  checksum: 10/8e2709b2144f03c7950f8804d01ccb3786373df01e406a0f66928e47001cf2d336cbed9ee137261d4f90d68d8679468c755e3548ed83ddacdc82b194d2468afe
  languageName: node
  linkType: hard

"fflate@npm:^0.8.0":
  version: 0.8.2
  resolution: "fflate@npm:0.8.2"
  checksum: 10/2bd26ba6d235d428de793c6a0cd1aaa96a06269ebd4e21b46c8fd1bd136abc631acf27e188d47c3936db090bf3e1ede11d15ce9eae9bffdc4bfe1b9dc66ca9cb
  languageName: node
  linkType: hard

"ms@npm:^2.1.3":
  version: 2.1.3
  resolution: "ms@npm:2.1.3"
  checksum: 10/aa92de608021b242401676e35cfa5aa42dd70cbdc082b916da7fb925c542173e36bce97ea3e804923fe92c0ad991434e4a38327e15a1b5b5f945d66df615ae6d
  languageName: node
  linkType: hard

"pako@npm:^2.1.0":
  version: 2.1.0
  resolution: "pako@npm:2.1.0"
  checksum: 10/38a04991d0ec4f4b92794a68b8c92bf7340692c5d980255c92148da96eb3e550df7a86a7128b5ac0c65ecddfe5ef3bbe9c6dab13e1bc315086e759b18f7c1401
  languageName: node
  linkType: hard

"simple_App@workspace:.":
  version: 0.0.0-use.local
  resolution: "simple_App@workspace:."
  dependencies:
    "@aztec/bb.js": "npm:0.84.0"
    "@noir-lang/noir_js": "npm:1.0.0-beta.6"
  languageName: unknown
  linkType: soft

"tslib@npm:^2.4.0":
  version: 2.8.1
  resolution: "tslib@npm:2.8.1"
  checksum: 10/3e2e043d5c2316461cb54e5c7fe02c30ef6dccb3384717ca22ae5c6b5bc95232a6241df19c622d9c73b809bea33b187f6dbc73030963e29950c2141bc32a79f7
  languageName: node
  linkType: hard
